
Microsoft Visual Studio Solution File, Format Version 12.00
# Visual Studio 15
VisualStudioVersion = 15.0.26730.12
MinimumVisualStudioVersion = 10.0.40219.1
Project("{FAE04EC0-301F-11D3-BF4B-00C04F79EFBC}") = "StudentAPI", "StudentAPI\StudentAPI.csproj", "{ACE0A335-BEF4-443C-BF6E-C089A27CDF7B}"
EndProject
Project("{FAE04EC0-301F-11D3-BF4B-00C04F79EFBC}") = "JS_JQ_demo", "JS_JQ_demo\JS_JQ_demo.csproj", "{1BDD4771-E372-4B2E-8DF3-C5B097417629}"
EndProject
Global
	GlobalSection(SolutionConfigurationPlatforms) = preSolution
		Debug|Any CPU = Debug|Any CPU
		Release|Any CPU = Release|Any CPU
	EndGlobalSection
	GlobalSection(ProjectConfigurationPlatforms) = postSolution
		{ACE0A335-BEF4-443C-BF6E-C089A27CDF7B}.Debug|Any CPU.ActiveCfg = Debug|Any CPU
		{ACE0A335-BEF4-443C-BF6E-C089A27CDF7B}.Debug|Any CPU.Build.0 = Debug|Any CPU
		{ACE0A335-BEF4-443C-BF6E-C089A27CDF7B}.Release|Any CPU.ActiveCfg = Release|Any CPU
		{ACE0A335-BEF4-443C-BF6E-C089A27CDF7B}.Release|Any CPU.Build.0 = Release|Any CPU
		{1BDD4771-E372-4B2E-8DF3-C5B097417629}.Debug|Any CPU.ActiveCfg = Debug|Any CPU
		{1BDD4771-E372-4B2E-8DF3-C5B097417629}.Debug|Any CPU.Build.0 = Debug|Any CPU
		{1BDD4771-E372-4B2E-8DF3-C5B097417629}.Release|Any CPU.ActiveCfg = Release|Any CPU
		{1BDD4771-E372-4B2E-8DF3-C5B097417629}.Release|Any CPU.Build.0 = Release|Any CPU
	EndGlobalSection
	GlobalSection(SolutionProperties) = preSolution
		HideSolutionNode = FALSE
	EndGlobalSection
	GlobalSection(ExtensibilityGlobals) = postSolution
		SolutionGuid = {EBAA8554-CBAE-41F8-A111-5AA90BCCF6F1}
	EndGlobalSection
EndGlobal
